// !$*UTF8*$!
{
	archiveVersion = 1;
	classes = {
	};
	objectVersion = 50;
	objects = {

/* Begin PBXBuildFile section */
		E491196623849018007146D8 /* AppDelegate.swift in Sources */ = {isa = PBXBuildFile; fileRef = E491196523849018007146D8 /* AppDelegate.swift */; };
		E491196823849018007146D8 /* SceneDelegate.swift in Sources */ = {isa = PBXBuildFile; fileRef = E491196723849018007146D8 /* SceneDelegate.swift */; };
		E491196A23849018007146D8 /* ViewController.swift in Sources */ = {isa = PBXBuildFile; fileRef = E491196923849018007146D8 /* ViewController.swift */; };
		E491196D23849018007146D8 /* Main.storyboard in Resources */ = {isa = PBXBuildFile; fileRef = E491196B23849018007146D8 /* Main.storyboard */; };
		E491196F2384901B007146D8 /* Assets.xcassets in Resources */ = {isa = PBXBuildFile; fileRef = E491196E2384901B007146D8 /* Assets.xcassets */; };
		E49119722384901B007146D8 /* LaunchScreen.storyboard in Resources */ = {isa = PBXBuildFile; fileRef = E49119702384901B007146D8 /* LaunchScreen.storyboard */; };
		E491197D2384901B007146D8 /* Subnet_CalculatorTests.swift in Sources */ = {isa = PBXBuildFile; fileRef = E491197C2384901B007146D8 /* Subnet_CalculatorTests.swift */; };
/* End PBXBuildFile section */

/* Begin PBXContainerItemProxy section */
		E49119792384901B007146D8 /* PBXContainerItemProxy */ = {
			isa = PBXContainerItemProxy;
			containerPortal = E491195A23849018007146D8 /* Project object */;
			proxyType = 1;
			remoteGlobalIDString = E491196123849018007146D8;
			remoteInfo = "Subnet Calculator";
		};
/* End PBXContainerItemProxy section */

/* Begin PBXFileReference section */
		E491196223849018007146D8 /* Subnet Calculator.app */ = {isa = PBXFileReference; explicitFileType = wrapper.application; includeInIndex = 0; path = "Subnet Calculator.app"; sourceTree = BUILT_PRODUCTS_DIR; };
		E491196523849018007146D8 /* AppDelegate.swift */ = {isa = PBXFileReference; lastKnownFileType = sourcecode.swift; path = AppDelegate.swift; sourceTree = "<group>"; };
		E491196723849018007146D8 /* SceneDelegate.swift */ = {isa = PBXFileReference; lastKnownFileType = sourcecode.swift; path = SceneDelegate.swift; sourceTree = "<group>"; };
		E491196923849018007146D8 /* ViewController.swift */ = {isa = PBXFileReference; lastKnownFileType = sourcecode.swift; path = ViewController.swift; sourceTree = "<group>"; };
		E491196C23849018007146D8 /* Base */ = {isa = PBXFileReference; lastKnownFileType = file.storyboard; name = Base; path = Base.lproj/Main.storyboard; sourceTree = "<group>"; };
		E491196E2384901B007146D8 /* Assets.xcassets */ = {isa = PBXFileReference; lastKnownFileType = folder.assetcatalog; path = Assets.xcassets; sourceTree = "<group>"; };
		E49119712384901B007146D8 /* Base */ = {isa = PBXFileReference; lastKnownFileType = file.storyboard; name = Base; path = Base.lproj/LaunchScreen.storyboard; sourceTree = "<group>"; };
		E49119732384901B007146D8 /* Info.plist */ = {isa = PBXFileReference; lastKnownFileType = text.plist.xml; path = Info.plist; sourceTree = "<group>"; };
		E49119782384901B007146D8 /* Subnet CalculatorTests.xctest */ = {isa = PBXFileReference; explicitFileType = wrapper.cfbundle; includeInIndex = 0; path = "Subnet CalculatorTests.xctest"; sourceTree = BUILT_PRODUCTS_DIR; };
		E491197C2384901B007146D8 /* Subnet_CalculatorTests.swift */ = {isa = PBXFileReference; lastKnownFileType = sourcecode.swift; path = Subnet_CalculatorTests.swift; sourceTree = "<group>"; };
		E491197E2384901B007146D8 /* Info.plist */ = {isa = PBXFileReference; lastKnownFileType = text.plist.xml; path = Info.plist; sourceTree = "<group>"; };
		E491198723849022007146D8 /* Subnet Calculator.entitlements */ = {isa = PBXFileReference; lastKnownFileType = text.plist.entitlements; path = "Subnet Calculator.entitlements"; sourceTree = "<group>"; };
/* End PBXFileReference section */

/* Begin PBXFrameworksBuildPhase section */
		E491195F23849018007146D8 /* Frameworks */ = {
			isa = PBXFrameworksBuildPhase;
			buildActionMask = 2147483647;
			files = (
			);
			runOnlyForDeploymentPostprocessing = 0;
		};
		E49119752384901B007146D8 /* Frameworks */ = {
			isa = PBXFrameworksBuildPhase;
			buildActionMask = 2147483647;
			files = (
			);
			runOnlyForDeploymentPostprocessing = 0;
		};
/* End PBXFrameworksBuildPhase section */

/* Begin PBXGroup section */
		E491195923849018007146D8 = {
			isa = PBXGroup;
			children = (
				E491196423849018007146D8 /* Subnet Calculator */,
				E491197B2384901B007146D8 /* Subnet CalculatorTests */,
				E491196323849018007146D8 /* Products */,
			);
			sourceTree = "<group>";
		};
		E491196323849018007146D8 /* Products */ = {
			isa = PBXGroup;
			children = (
				E491196223849018007146D8 /* Subnet Calculator.app */,
				E49119782384901B007146D8 /* Subnet CalculatorTests.xctest */,
			);
			name = Products;
			sourceTree = "<group>";
		};
		E491196423849018007146D8 /* Subnet Calculator */ = {
			isa = PBXGroup;
			children = (
				E491198723849022007146D8 /* Subnet Calculator.entitlements */,
				E491196523849018007146D8 /* AppDelegate.swift */,
				E491196723849018007146D8 /* SceneDelegate.swift */,
				E491196923849018007146D8 /* ViewController.swift */,
				E491196B23849018007146D8 /* Main.storyboard */,
				E491196E2384901B007146D8 /* Assets.xcassets */,
				E49119702384901B007146D8 /* LaunchScreen.storyboard */,
				E49119732384901B007146D8 /* Info.plist */,
			);
			path = "Subnet Calculator";
			sourceTree = "<group>";
		};
		E491197B2384901B007146D8 /* Subnet CalculatorTests */ = {
			isa = PBXGroup;
			children = (
				E491197C2384901B007146D8 /* Subnet_CalculatorTests.swift */,
				E491197E2384901B007146D8 /* Info.plist */,
			);
			path = "Subnet CalculatorTests";
			sourceTree = "<group>";
		};
/* End PBXGroup section */

/* Begin PBXNativeTarget section */
		E491196123849018007146D8 /* Subnet Calculator */ = {
			isa = PBXNativeTarget;
			buildConfigurationList = E49119812384901B007146D8 /* Build configuration list for PBXNativeTarget "Subnet Calculator" */;
			buildPhases = (
				E491195E23849018007146D8 /* Sources */,
				E491195F23849018007146D8 /* Frameworks */,
				E491196023849018007146D8 /* Resources */,
			);
			buildRules = (
			);
			dependencies = (
			);
			name = "Subnet Calculator";
			productName = "Subnet Calculator";
			productReference = E491196223849018007146D8 /* Subnet Calculator.app */;
			productType = "com.apple.product-type.application";
		};
		E49119772384901B007146D8 /* Subnet CalculatorTests */ = {
			isa = PBXNativeTarget;
			buildConfigurationList = E49119842384901B007146D8 /* Build configuration list for PBXNativeTarget "Subnet CalculatorTests" */;
			buildPhases = (
				E49119742384901B007146D8 /* Sources */,
				E49119752384901B007146D8 /* Frameworks */,
				E49119762384901B007146D8 /* Resources */,
			);
			buildRules = (
			);
			dependencies = (
				E491197A2384901B007146D8 /* PBXTargetDependency */,
			);
			name = "Subnet CalculatorTests";
			productName = "Subnet CalculatorTests";
			productReference = E49119782384901B007146D8 /* Subnet CalculatorTests.xctest */;
			productType = "com.apple.product-type.bundle.unit-test";
		};
/* End PBXNativeTarget section */

/* Begin PBXProject section */
		E491195A23849018007146D8 /* Project object */ = {
			isa = PBXProject;
			attributes = {
				LastSwiftUpdateCheck = 1120;
				LastUpgradeCheck = 1120;
				ORGANIZATIONNAME = "RGB Consulting";
				TargetAttributes = {
					E491196123849018007146D8 = {
						CreatedOnToolsVersion = 11.2.1;
					};
					E49119772384901B007146D8 = {
						CreatedOnToolsVersion = 11.2.1;
						TestTargetID = E491196123849018007146D8;
					};
				};
			};
			buildConfigurationList = E491195D23849018007146D8 /* Build configuration list for PBXProject "Subnet Calculator" */;
			compatibilityVersion = "Xcode 9.3";
			developmentRegion = en;
			hasScannedForEncodings = 0;
			knownRegions = (
				en,
				Base,
			);
			mainGroup = E491195923849018007146D8;
			productRefGroup = E491196323849018007146D8 /* Products */;
			projectDirPath = "";
			projectRoot = "";
			targets = (
				E491196123849018007146D8 /* Subnet Calculator */,
				E49119772384901B007146D8 /* Subnet CalculatorTests */,
			);
		};
/* End PBXProject section */

/* Begin PBXResourcesBuildPhase section */
		E491196023849018007146D8 /* Resources */ = {
			isa = PBXResourcesBuildPhase;
			buildActionMask = 2147483647;
			files = (
				E49119722384901B007146D8 /* LaunchScreen.storyboard in Resources */,
				E491196F2384901B007146D8 /* Assets.xcassets in Resources */,
				E491196D23849018007146D8 /* Main.storyboard in Resources */,
			);
			runOnlyForDeploymentPostprocessing = 0;
		};
		E49119762384901B007146D8 /* Resources */ = {
			isa = PBXResourcesBuildPhase;
			buildActionMask = 2147483647;
			files = (
			);
			runOnlyForDeploymentPostprocessing = 0;
		};
/* End PBXResourcesBuildPhase section */

/* Begin PBXSourcesBuildPhase section */
		E491195E23849018007146D8 /* Sources */ = {
			isa = PBXSourcesBuildPhase;
			buildActionMask = 2147483647;
			files = (
				E491196A23849018007146D8 /* ViewController.swift in Sources */,
				E491196623849018007146D8 /* AppDelegate.swift in Sources */,
				E491196823849018007146D8 /* SceneDelegate.swift in Sources */,
			);
			runOnlyForDeploymentPostprocessing = 0;
		};
		E49119742384901B007146D8 /* Sources */ = {
			isa = PBXSourcesBuildPhase;
			buildActionMask = 2147483647;
			files = (
				E491197D2384901B007146D8 /* Subnet_CalculatorTests.swift in Sources */,
			);
			runOnlyForDeploymentPostprocessing = 0;
		};
/* End PBXSourcesBuildPhase section */

/* Begin PBXTargetDependency section */
		E491197A2384901B007146D8 /* PBXTargetDependency */ = {
			isa = PBXTargetDependency;
			target = E491196123849018007146D8 /* Subnet Calculator */;
			targetProxy = E49119792384901B007146D8 /* PBXContainerItemProxy */;
		};
/* End PBXTargetDependency section */

/* Begin PBXVariantGroup section */
		E491196B23849018007146D8 /* Main.storyboard */ = {
			isa = PBXVariantGroup;
			children = (
				E491196C23849018007146D8 /* Base */,
			);
			name = Main.storyboard;
			sourceTree = "<group>";
		};
		E49119702384901B007146D8 /* LaunchScreen.storyboard */ = {
			isa = PBXVariantGroup;
			children = (
				E49119712384901B007146D8 /* Base */,
			);
			name = LaunchScreen.storyboard;
			sourceTree = "<group>";
		};
/* End PBXVariantGroup section */

/* Begin XCBuildConfiguration section */
		E491197F2384901B007146D8 /* Debug */ = {
			isa = XCBuildConfiguration;
			buildSettings = {
				ALWAYS_SEARCH_USER_PATHS = NO;
				CLANG_ANALYZER_NONNULL = YES;
				CLANG_ANALYZER_NUMBER_OBJECT_CONVERSION = YES_AGGRESSIVE;
				CLANG_CXX_LANGUAGE_STANDARD = "gnu++14";
				CLANG_CXX_LIBRARY = "libc++";
				CLANG_ENABLE_MODULES = YES;
				CLANG_ENABLE_OBJC_ARC = YES;
				CLANG_ENABLE_OBJC_WEAK = YES;
				CLANG_WARN_BLOCK_CAPTURE_AUTORELEASING = YES;
				CLANG_WARN_BOOL_CONVERSION = YES;
				CLANG_WARN_COMMA = YES;
				CLANG_WARN_CONSTANT_CONVERSION = YES;
				CLANG_WARN_DEPRECATED_OBJC_IMPLEMENTATIONS = YES;
				CLANG_WARN_DIRECT_OBJC_ISA_USAGE = YES_ERROR;
				CLANG_WARN_DOCUMENTATION_COMMENTS = YES;
				CLANG_WARN_EMPTY_BODY = YES;
				CLANG_WARN_ENUM_CONVERSION = YES;
				CLANG_WARN_INFINITE_RECURSION = YES;
				CLANG_WARN_INT_CONVERSION = YES;
				CLANG_WARN_NON_LITERAL_NULL_CONVERSION = YES;
				CLANG_WARN_OBJC_IMPLICIT_RETAIN_SELF = YES;
				CLANG_WARN_OBJC_LITERAL_CONVERSION = YES;
				CLANG_WARN_OBJC_ROOT_CLASS = YES_ERROR;
				CLANG_WARN_RANGE_LOOP_ANALYSIS = YES;
				CLANG_WARN_STRICT_PROTOTYPES = YES;
				CLANG_WARN_SUSPICIOUS_MOVE = YES;
				CLANG_WARN_UNGUARDED_AVAILABILITY = YES_AGGRESSIVE;
				CLANG_WARN_UNREACHABLE_CODE = YES;
				CLANG_WARN__DUPLICATE_METHOD_MATCH = YES;
				COPY_PHASE_STRIP = NO;
				DEBUG_INFORMATION_FORMAT = dwarf;
				ENABLE_STRICT_OBJC_MSGSEND = YES;
				ENABLE_TESTABILITY = YES;
				GCC_C_LANGUAGE_STANDARD = gnu11;
				GCC_DYNAMIC_NO_PIC = NO;
				GCC_NO_COMMON_BLOCKS = YES;
				GCC_OPTIMIZATION_LEVEL = 0;
				GCC_PREPROCESSOR_DEFINITIONS = (
					"DEBUG=1",
					"$(inherited)",
				);
				GCC_WARN_64_TO_32_BIT_CONVERSION = YES;
				GCC_WARN_ABOUT_RETURN_TYPE = YES_ERROR;
				GCC_WARN_UNDECLARED_SELECTOR = YES;
				GCC_WARN_UNINITIALIZED_AUTOS = YES_AGGRESSIVE;
				GCC_WARN_UNUSED_FUNCTION = YES;
				GCC_WARN_UNUSED_VARIABLE = YES;
				IPHONEOS_DEPLOYMENT_TARGET = 13.2;
				MTL_ENABLE_DEBUG_INFO = INCLUDE_SOURCE;
				MTL_FAST_MATH = YES;
				ONLY_ACTIVE_ARCH = YES;
				SDKROOT = iphoneos;
				SWIFT_ACTIVE_COMPILATION_CONDITIONS = DEBUG;
				SWIFT_OPTIMIZATION_LEVEL = "-Onone";
			};
			name = Debug;
		};
		E49119802384901B007146D8 /* Release */ = {
			isa = XCBuildConfiguration;
			buildSettings = {
				ALWAYS_SEARCH_USER_PATHS = NO;
				CLANG_ANALYZER_NONNULL = YES;
				CLANG_ANALYZER_NUMBER_OBJECT_CONVERSION = YES_AGGRESSIVE;
				CLANG_CXX_LANGUAGE_STANDARD = "gnu++14";
				CLANG_CXX_LIBRARY = "libc++";
				CLANG_ENABLE_MODULES = YES;
				CLANG_ENABLE_OBJC_ARC = YES;
				CLANG_ENABLE_OBJC_WEAK = YES;
				CLANG_WARN_BLOCK_CAPTURE_AUTORELEASING = YES;
				CLANG_WARN_BOOL_CONVERSION = YES;
				CLANG_WARN_COMMA = YES;
				CLANG_WARN_CONSTANT_CONVERSION = YES;
				CLANG_WARN_DEPRECATED_OBJC_IMPLEMENTATIONS = YES;
				CLANG_WARN_DIRECT_OBJC_ISA_USAGE = YES_ERROR;
				CLANG_WARN_DOCUMENTATION_COMMENTS = YES;
				CLANG_WARN_EMPTY_BODY = YES;
				CLANG_WARN_ENUM_CONVERSION = YES;
				CLANG_WARN_INFINITE_RECURSION = YES;
				CLANG_WARN_INT_CONVERSION = YES;
				CLANG_WARN_NON_LITERAL_NULL_CONVERSION = YES;
				CLANG_WARN_OBJC_IMPLICIT_RETAIN_SELF = YES;
				CLANG_WARN_OBJC_LITERAL_CONVERSION = YES;
				CLANG_WARN_OBJC_ROOT_CLASS = YES_ERROR;
				CLANG_WARN_RANGE_LOOP_ANALYSIS = YES;
				CLANG_WARN_STRICT_PROTOTYPES = YES;
				CLANG_WARN_SUSPICIOUS_MOVE = YES;
				CLANG_WARN_UNGUARDED_AVAILABILITY = YES_AGGRESSIVE;
				CLANG_WARN_UNREACHABLE_CODE = YES;
				CLANG_WARN__DUPLICATE_METHOD_MATCH = YES;
				COPY_PHASE_STRIP = NO;
				DEBUG_INFORMATION_FORMAT = "dwarf-with-dsym";
				ENABLE_NS_ASSERTIONS = NO;
				ENABLE_STRICT_OBJC_MSGSEND = YES;
				GCC_C_LANGUAGE_STANDARD = gnu11;
				GCC_NO_COMMON_BLOCKS = YES;
				GCC_WARN_64_TO_32_BIT_CONVERSION = YES;
				GCC_WARN_ABOUT_RETURN_TYPE = YES_ERROR;
				GCC_WARN_UNDECLARED_SELECTOR = YES;
				GCC_WARN_UNINITIALIZED_AUTOS = YES_AGGRESSIVE;
				GCC_WARN_UNUSED_FUNCTION = YES;
				GCC_WARN_UNUSED_VARIABLE = YES;
				IPHONEOS_DEPLOYMENT_TARGET = 13.2;
				MTL_ENABLE_DEBUG_INFO = NO;
				MTL_FAST_MATH = YES;
				SDKROOT = iphoneos;
				SWIFT_COMPILATION_MODE = wholemodule;
				SWIFT_OPTIMIZATION_LEVEL = "-O";
				VALIDATE_PRODUCT = YES;
			};
			name = Release;
		};
		E49119822384901B007146D8 /* Debug */ = {
			isa = XCBuildConfiguration;
			buildSettings = {
				ASSETCATALOG_COMPILER_APPICON_NAME = AppIcon;
				CODE_SIGN_ENTITLEMENTS = "Subnet Calculator/Subnet Calculator.entitlements";
				CODE_SIGN_STYLE = Automatic;
				DERIVE_MACCATALYST_PRODUCT_BUNDLE_IDENTIFIER = YES;
				DEVELOPMENT_TEAM = 6ZBXMFUFJ7;
				INFOPLIST_FILE = "Subnet Calculator/Info.plist";
				LD_RUNPATH_SEARCH_PATHS = (
					"$(inherited)",
					"@executable_path/Frameworks",
				);
				PRODUCT_BUNDLE_IDENTIFIER = "RGB-Consulting.Subnet-Calculator";
				PRODUCT_NAME = "$(TARGET_NAME)";
				SUPPORTS_MACCATALYST = YES;
				SWIFT_VERSION = 5.0;
				TARGETED_DEVICE_FAMILY = 2;
			};
			name = Debug;
		};
		E49119832384901B007146D8 /* Release */ = {
			isa = XCBuildConfiguration;
			buildSettings = {
				ASSETCATALOG_COMPILER_APPICON_NAME = AppIcon;
				CODE_SIGN_ENTITLEMENTS = "Subnet Calculator/Subnet Calculator.entitlements";
				CODE_SIGN_STYLE = Automatic;
				DERIVE_MACCATALYST_PRODUCT_BUNDLE_IDENTIFIER = YES;
				DEVELOPMENT_TEAM = 6ZBXMFUFJ7;
				INFOPLIST_FILE = "Subnet Calculator/Info.plist";
				LD_RUNPATH_SEARCH_PATHS = (
					"$(inherited)",
					"@executable_path/Frameworks",
				);
				PRODUCT_BUNDLE_IDENTIFIER = "RGB-Consulting.Subnet-Calculator";
				PRODUCT_NAME = "$(TARGET_NAME)";
				SUPPORTS_MACCATALYST = YES;
				SWIFT_VERSION = 5.0;
				TARGETED_DEVICE_FAMILY = 2;
			};
			name = Release;
		};
		E49119852384901B007146D8 /* Debug */ = {
			isa = XCBuildConfiguration;
			buildSettings = {
				ALWAYS_EMBED_SWIFT_STANDARD_LIBRARIES = YES;
				BUNDLE_LOADER = "$(TEST_HOST)";
				CODE_SIGN_STYLE = Automatic;
				DEVELOPMENT_TEAM = 6ZBXMFUFJ7;
				INFOPLIST_FILE = "Subnet CalculatorTests/Info.plist";
				IPHONEOS_DEPLOYMENT_TARGET = 13.2;
				LD_RUNPATH_SEARCH_PATHS = (
					"$(inherited)",
					"@executable_path/Frameworks",
					"@loader_path/Frameworks",
				);
				PRODUCT_BUNDLE_IDENTIFIER = "RGB-Consulting.Subnet-CalculatorTests";
				PRODUCT_NAME = "$(TARGET_NAME)";
				SWIFT_VERSION = 5.0;
				TARGETED_DEVICE_FAMILY = "1,2";
				TEST_HOST = "$(BUILT_PRODUCTS_DIR)/Subnet Calculator.app/Subnet Calculator";
			};
			name = Debug;
		};
		E49119862384901B007146D8 /* Release */ = {
			isa = XCBuildConfiguration;
			buildSettings = {
				ALWAYS_EMBED_SWIFT_STANDARD_LIBRARIES = YES;
				BUNDLE_LOADER = "$(TEST_HOST)";
				CODE_SIGN_STYLE = Automatic;
				DEVELOPMENT_TEAM = 6ZBXMFUFJ7;
				INFOPLIST_FILE = "Subnet CalculatorTests/Info.plist";
				IPHONEOS_DEPLOYMENT_TARGET = 13.2;
				LD_RUNPATH_SEARCH_PATHS = (
					"$(inherited)",
					"@executable_path/Frameworks",
					"@loader_path/Frameworks",
				);
				PRODUCT_BUNDLE_IDENTIFIER = "RGB-Consulting.Subnet-CalculatorTests";
				PRODUCT_NAME = "$(TARGET_NAME)";
				SWIFT_VERSION = 5.0;
				TARGETED_DEVICE_FAMILY = "1,2";
				TEST_HOST = "$(BUILT_PRODUCTS_DIR)/Subnet Calculator.app/Subnet Calculator";
			};
			name = Release;
		};
/* End XCBuildConfiguration section */

/* Begin XCConfigurationList section */
		E491195D23849018007146D8 /* Build configuration list for PBXProject "Subnet Calculator" */ = {
			isa = XCConfigurationList;
			buildConfigurations = (
				E491197F2384901B007146D8 /* Debug */,
				E49119802384901B007146D8 /* Release */,
			);
			defaultConfigurationIsVisible = 0;
			defaultConfigurationName = Release;
		};
		E49119812384901B007146D8 /* Build configuration list for PBXNativeTarget "Subnet Calculator" */ = {
			isa = XCConfigurationList;
			buildConfigurations = (
				E49119822384901B007146D8 /* Debug */,
				E49119832384901B007146D8 /* Release */,
			);
			defaultConfigurationIsVisible = 0;
			defaultConfigurationName = Release;
		};
		E49119842384901B007146D8 /* Build configuration list for PBXNativeTarget "Subnet CalculatorTests" */ = {
			isa = XCConfigurationList;
			buildConfigurations = (
				E49119852384901B007146D8 /* Debug */,
				E49119862384901B007146D8 /* Release */,
			);
			defaultConfigurationIsVisible = 0;
			defaultConfigurationName = Release;
		};
/* End XCConfigurationList section */
	};
	rootObject = E491195A23849018007146D8 /* Project object */;
}
